{
  "version": 4,
  "terraform_version": "1.9.8",
  "serial": 26,
  "lineage": "e70be0f0-35a1-bd0f-8a37-7338bbe1fd91",
  "outputs": {
    "bucket_name": {
      "value": "chrisp1985-react-sandbox-vite-prod",
      "type": "string"
    },
    "cloudfront_distribution_id": {
      "value": "E2RXXANM9TMI5G",
      "type": "string"
    },
    "cloudfront_domain_name": {
      "value": "d1f106m990pgis.cloudfront.net",
      "type": "string"
    },
    "github_actions_role_arn": {
      "value": "arn:aws:iam::195571588534:role/deploy-react-sandbox-vite",
      "type": "string"
    }
  },
  "resources": [
    {
      "mode": "managed",
      "type": "aws_cloudfront_distribution",
      "name": "vite_site",
      "provider": "provider[\"registry.terraform.io/hashicorp/aws\"]",
      "instances": [
        {
          "schema_version": 1,
          "attributes": {
            "aliases": null,
            "arn": "arn:aws:cloudfront::195571588534:distribution/E2RXXANM9TMI5G",
            "caller_reference": "terraform-20260317092337985700000001",
            "comment": null,
            "continuous_deployment_policy_id": "",
            "custom_error_response": [
              {
                "error_caching_min_ttl": 0,
                "error_code": 403,
                "response_code": 200,
                "response_page_path": "/index.html"
              },
              {
                "error_caching_min_ttl": 0,
                "error_code": 404,
                "response_code": 200,
                "response_page_path": "/index.html"
              }
            ],
            "default_cache_behavior": [
              {
                "allowed_methods": [
                  "GET",
                  "HEAD"
                ],
                "cache_policy_id": "",
                "cached_methods": [
                  "GET",
                  "HEAD"
                ],
                "compress": true,
                "default_ttl": 0,
                "field_level_encryption_id": "",
                "forwarded_values": [
                  {
                    "cookies": [
                      {
                        "forward": "none",
                        "whitelisted_names": []
                      }
                    ],
                    "headers": [],
                    "query_string": false,
                    "query_string_cache_keys": []
                  }
                ],
                "function_association": [],
                "grpc_config": [
                  {
                    "enabled": false
                  }
                ],
                "lambda_function_association": [],
                "max_ttl": 0,
                "min_ttl": 0,
                "origin_request_policy_id": "",
                "realtime_log_config_arn": "",
                "response_headers_policy_id": "",
                "smooth_streaming": false,
                "target_origin_id": "s3-vite-site",
                "trusted_key_groups": [],
                "trusted_signers": [],
                "viewer_protocol_policy": "redirect-to-https"
              }
            ],
            "default_root_object": "index.html",
            "domain_name": "d1f106m990pgis.cloudfront.net",
            "enabled": true,
            "etag": "E23ZP02F085DFQ",
            "hosted_zone_id": "Z2FDTNDATAQYW2",
            "http_version": "http2",
            "id": "E2RXXANM9TMI5G",
            "in_progress_validation_batches": 0,
            "is_ipv6_enabled": false,
            "last_modified_time": "2026-03-17 09:23:38.161 +0000 UTC",
            "logging_config": [],
            "ordered_cache_behavior": [],
            "origin": [
              {
                "connection_attempts": 3,
                "connection_timeout": 10,
                "custom_header": [],
                "custom_origin_config": [],
                "domain_name": "chrisp1985-react-sandbox-vite-prod.s3.eu-west-2.amazonaws.com",
                "origin_access_control_id": "EOP6GT1G7MVNV",
                "origin_id": "s3-vite-site",
                "origin_path": "",
                "origin_shield": [],
                "s3_origin_config": [],
                "vpc_origin_config": []
              }
            ],
            "origin_group": [],
            "price_class": "PriceClass_100",
            "restrictions": [
              {
                "geo_restriction": [
                  {
                    "locations": [],
                    "restriction_type": "none"
                  }
                ]
              }
            ],
            "retain_on_delete": false,
            "staging": false,
            "status": "Deployed",
            "tags": {
              "Name": "vite-site-distribution"
            },
            "tags_all": {
              "Name": "vite-site-distribution"
            },
            "trusted_key_groups": [
              {
                "enabled": false,
                "items": []
              }
            ],
            "trusted_signers": [
              {
                "enabled": false,
                "items": []
              }
            ],
            "viewer_certificate": [
              {
                "acm_certificate_arn": "",
                "cloudfront_default_certificate": true,
                "iam_certificate_id": "",
                "minimum_protocol_version": "TLSv1",
                "ssl_support_method": ""
              }
            ],
            "wait_for_deployment": true,
            "web_acl_id": ""
          },
          "sensitive_attributes": [],
          "private": "eyJzY2hlbWFfdmVyc2lvbiI6IjEifQ==",
          "dependencies": [
            "aws_cloudfront_origin_access_control.vite_site",
            "aws_s3_bucket.vite_site"
          ]
        }
      ]
    },
    {
      "mode": "managed",
      "type": "aws_cloudfront_origin_access_control",
      "name": "vite_site",
      "provider": "provider[\"registry.terraform.io/hashicorp/aws\"]",
      "instances": [
        {
          "schema_version": 0,
          "attributes": {
            "arn": "arn:aws:cloudfront::195571588534:origin-access-control/EOP6GT1G7MVNV",
            "description": "OAC for private S3 origin",
            "etag": "ETVPDKIKX0DER",
            "id": "EOP6GT1G7MVNV",
            "name": "chrisp1985-react-sandbox-oac",
            "origin_access_control_origin_type": "s3",
            "signing_behavior": "always",
            "signing_protocol": "sigv4"
          },
          "sensitive_attributes": [],
          "private": "bnVsbA=="
        }
      ]
    },
    {
      "mode": "managed",
      "type": "aws_iam_openid_connect_provider",
      "name": "github",
      "provider": "provider[\"registry.terraform.io/hashicorp/aws\"]",
      "instances": [
        {
          "schema_version": 0,
          "attributes": {
            "arn": "arn:aws:iam::195571588534:oidc-provider/token.actions.githubusercontent.com",
            "client_id_list": [
              "sts.amazonaws.com"
            ],
            "id": "arn:aws:iam::195571588534:oidc-provider/token.actions.githubusercontent.com",
            "tags": {},
            "tags_all": {},
            "thumbprint_list": [
              "2b18947a6a9fc7764fd8b5fb18a863b0c6dac24f"
            ],
            "url": "token.actions.githubusercontent.com"
          },
          "sensitive_attributes": [],
          "private": "bnVsbA=="
        }
      ]
    },
    {
      "mode": "managed",
      "type": "aws_iam_policy",
      "name": "github_actions_deploy",
      "provider": "provider[\"registry.terraform.io/hashicorp/aws\"]",
      "instances": [
        {
          "schema_version": 0,
          "attributes": {
            "arn": "arn:aws:iam::195571588534:policy/deploy-react-sandbox-vite-policy",
            "attachment_count": 0,
            "description": "Allow GitHub Actions to manage Terraform infra, upload site files, and invalidate CloudFront",
            "id": "arn:aws:iam::195571588534:policy/deploy-react-sandbox-vite-policy",
            "name": "deploy-react-sandbox-vite-policy",
            "name_prefix": "",
            "path": "/",
            "policy": "{\"Statement\":[{\"Action\":[\"s3:ListBucket\"],\"Effect\":\"Allow\",\"Resource\":\"arn:aws:s3:::chrisp1985-react-sandbox-vite-prod\",\"Sid\":\"ListBucket\"},{\"Action\":[\"s3:GetObject\",\"s3:PutObject\",\"s3:DeleteObject\"],\"Effect\":\"Allow\",\"Resource\":\"arn:aws:s3:::chrisp1985-react-sandbox-vite-prod/*\",\"Sid\":\"ManageObjects\"},{\"Action\":[\"cloudfront:CreateInvalidation\",\"cloudfront:GetDistribution\",\"cloudfront:GetDistributionConfig\",\"cloudfront:ListDistributions\",\"cloudfront:ListTagsForResource\"],\"Effect\":\"Allow\",\"Resource\":\"*\",\"Sid\":\"InvalidateCloudFront\"},{\"Action\":[\"iam:GetOpenIDConnectProvider\",\"iam:CreateOpenIDConnectProvider\",\"iam:DeleteOpenIDConnectProvider\",\"iam:TagOpenIDConnectProvider\",\"iam:UntagOpenIDConnectProvider\",\"iam:GetRole\",\"iam:CreateRole\",\"iam:DeleteRole\",\"iam:UpdateAssumeRolePolicy\",\"iam:TagRole\",\"iam:UntagRole\",\"iam:GetPolicy\",\"iam:CreatePolicy\",\"iam:DeletePolicy\",\"iam:GetPolicyVersion\",\"iam:ListPolicyVersions\",\"iam:CreatePolicyVersion\",\"iam:DeletePolicyVersion\",\"iam:AttachRolePolicy\",\"iam:DetachRolePolicy\",\"iam:ListAttachedRolePolicies\",\"s3:CreateBucket\",\"s3:DeleteBucket\",\"s3:GetBucketPolicy\",\"s3:PutBucketPolicy\",\"s3:DeleteBucketPolicy\",\"s3:GetBucketPublicAccessBlock\",\"s3:PutBucketPublicAccessBlock\",\"s3:DeleteBucketPublicAccessBlock\",\"s3:GetBucketTagging\",\"s3:PutBucketTagging\",\"s3:GetBucketLocation\",\"cloudfront:CreateDistribution\",\"cloudfront:UpdateDistribution\",\"cloudfront:DeleteDistribution\",\"cloudfront:GetOriginAccessControl\",\"cloudfront:CreateOriginAccessControl\",\"cloudfront:UpdateOriginAccessControl\",\"cloudfront:DeleteOriginAccessControl\",\"cloudfront:TagResource\",\"cloudfront:UntagResource\"],\"Effect\":\"Allow\",\"Resource\":\"*\",\"Sid\":\"TerraformInfraManagement\"}],\"Version\":\"2012-10-17\"}",
            "policy_id": "ANPAS3CHZTW3M4HUWTIAD",
            "tags": null,
            "tags_all": {}
          },
          "sensitive_attributes": [],
          "private": "bnVsbA==",
          "dependencies": [
            "aws_s3_bucket.vite_site"
          ]
        }
      ]
    },
    {
      "mode": "managed",
      "type": "aws_iam_role",
      "name": "github_actions_deploy",
      "provider": "provider[\"registry.terraform.io/hashicorp/aws\"]",
      "instances": [
        {
          "schema_version": 0,
          "attributes": {
            "arn": "arn:aws:iam::195571588534:role/deploy-react-sandbox-vite",
            "assume_role_policy": "{\"Statement\":[{\"Action\":\"sts:AssumeRoleWithWebIdentity\",\"Condition\":{\"StringEquals\":{\"token.actions.githubusercontent.com:aud\":\"sts.amazonaws.com\"},\"StringLike\":{\"token.actions.githubusercontent.com:sub\":\"repo:chrisp1985/react-sandbox:ref:refs/heads/main\"}},\"Effect\":\"Allow\",\"Principal\":{\"Federated\":\"arn:aws:iam::195571588534:oidc-provider/token.actions.githubusercontent.com\"},\"Sid\":\"GitHubActionsAssumeRole\"}],\"Version\":\"2012-10-17\"}",
            "create_date": "2026-03-17T09:23:36Z",
            "description": "",
            "force_detach_policies": false,
            "id": "deploy-react-sandbox-vite",
            "inline_policy": [],
            "managed_policy_arns": [],
            "max_session_duration": 3600,
            "name": "deploy-react-sandbox-vite",
            "name_prefix": "",
            "path": "/",
            "permissions_boundary": "",
            "tags": null,
            "tags_all": {},
            "unique_id": "AROAS3CHZTW3JJN3G52EM"
          },
          "sensitive_attributes": [],
          "private": "bnVsbA==",
          "dependencies": [
            "aws_iam_openid_connect_provider.github"
          ]
        }
      ]
    },
    {
      "mode": "managed",
      "type": "aws_iam_role_policy_attachment",
      "name": "github_actions_deploy",
      "provider": "provider[\"registry.terraform.io/hashicorp/aws\"]",
      "instances": [
        {
          "schema_version": 0,
          "attributes": {
            "id": "deploy-react-sandbox-vite-20260317092338528700000002",
            "policy_arn": "arn:aws:iam::195571588534:policy/deploy-react-sandbox-vite-policy",
            "role": "deploy-react-sandbox-vite"
          },
          "sensitive_attributes": [],
          "private": "bnVsbA==",
          "dependencies": [
            "aws_iam_openid_connect_provider.github",
            "aws_iam_policy.github_actions_deploy",
            "aws_iam_role.github_actions_deploy",
            "aws_s3_bucket.vite_site"
          ]
        }
      ]
    },
    {
      "mode": "managed",
      "type": "aws_s3_bucket",
      "name": "vite_site",
      "provider": "provider[\"registry.terraform.io/hashicorp/aws\"]",
      "instances": [
        {
          "schema_version": 0,
          "attributes": {
            "acceleration_status": "",
            "acl": null,
            "arn": "arn:aws:s3:::chrisp1985-react-sandbox-vite-prod",
            "bucket": "chrisp1985-react-sandbox-vite-prod",
            "bucket_domain_name": "chrisp1985-react-sandbox-vite-prod.s3.amazonaws.com",
            "bucket_prefix": "",
            "bucket_regional_domain_name": "chrisp1985-react-sandbox-vite-prod.s3.eu-west-2.amazonaws.com",
            "cors_rule": [],
            "force_destroy": false,
            "grant": [
              {
                "id": "b6acd7b4f1f5d3b862d7ea54cc2ebfd39db67dfa48c17d7886c599c4def0ef72",
                "permissions": [
                  "FULL_CONTROL"
                ],
                "type": "CanonicalUser",
                "uri": ""
              }
            ],
            "hosted_zone_id": "Z3GKZC51ZF0DB4",
            "id": "chrisp1985-react-sandbox-vite-prod",
            "lifecycle_rule": [],
            "logging": [],
            "object_lock_configuration": [],
            "object_lock_enabled": false,
            "policy": "",
            "region": "eu-west-2",
            "replication_configuration": [],
            "request_payer": "BucketOwner",
            "server_side_encryption_configuration": [
              {
                "rule": [
                  {
                    "apply_server_side_encryption_by_default": [
                      {
                        "kms_master_key_id": "",
                        "sse_algorithm": "AES256"
                      }
                    ],
                    "bucket_key_enabled": false
                  }
                ]
              }
            ],
            "tags": {
              "Name": "vite-app"
            },
            "tags_all": {
              "Name": "vite-app"
            },
            "timeouts": null,
            "versioning": [
              {
                "enabled": false,
                "mfa_delete": false
              }
            ],
            "website": [],
            "website_domain": null,
            "website_endpoint": null
          },
          "sensitive_attributes": [],
          "private": "eyJlMmJmYjczMC1lY2FhLTExZTYtOGY4OC0zNDM2M2JjN2M0YzAiOnsiY3JlYXRlIjoxMjAwMDAwMDAwMDAwLCJkZWxldGUiOjM2MDAwMDAwMDAwMDAsInJlYWQiOjEyMDAwMDAwMDAwMDAsInVwZGF0ZSI6MTIwMDAwMDAwMDAwMH19"
        }
      ]
    },
    {
      "mode": "managed",
      "type": "aws_s3_bucket_policy",
      "name": "allow_cloudfront_only",
      "provider": "provider[\"registry.terraform.io/hashicorp/aws\"]",
      "instances": [
        {
          "schema_version": 0,
          "attributes": {
            "bucket": "chrisp1985-react-sandbox-vite-prod",
            "id": "chrisp1985-react-sandbox-vite-prod",
            "policy": "{\"Statement\":[{\"Action\":\"s3:GetObject\",\"Condition\":{\"StringEquals\":{\"AWS:SourceArn\":\"arn:aws:cloudfront::195571588534:distribution/E2RXXANM9TMI5G\"}},\"Effect\":\"Allow\",\"Principal\":{\"Service\":\"cloudfront.amazonaws.com\"},\"Resource\":\"arn:aws:s3:::chrisp1985-react-sandbox-vite-prod/*\",\"Sid\":\"AllowCloudFrontServicePrincipalReadOnly\"}],\"Version\":\"2012-10-17\"}"
          },
          "sensitive_attributes": [],
          "private": "bnVsbA==",
          "dependencies": [
            "aws_cloudfront_distribution.vite_site",
            "aws_cloudfront_origin_access_control.vite_site",
            "aws_s3_bucket.vite_site"
          ]
        }
      ]
    },
    {
      "mode": "managed",
      "type": "aws_s3_bucket_public_access_block",
      "name": "vite_site",
      "provider": "provider[\"registry.terraform.io/hashicorp/aws\"]",
      "instances": [
        {
          "schema_version": 0,
          "attributes": {
            "block_public_acls": true,
            "block_public_policy": true,
            "bucket": "chrisp1985-react-sandbox-vite-prod",
            "id": "chrisp1985-react-sandbox-vite-prod",
            "ignore_public_acls": true,
            "restrict_public_buckets": true
          },
          "sensitive_attributes": [],
          "private": "bnVsbA==",
          "dependencies": [
            "aws_s3_bucket.vite_site"
          ]
        }
      ]
    }
  ],
  "check_results": null
}
